
Microsoft Visual Studio Solution File, Format Version 12.00
# Visual Studio Version 17
VisualStudioVersion = 17.10.34928.147
MinimumVisualStudioVersion = 10.0.40219.1
Project("{FAE04EC0-301F-11D3-BF4B-00C04F79EFBC}") = "Routing", "Routing\Routing.csproj", "{F230E8B8-EA25-4566-BFA7-2CD491763268}"
EndProject
Global
	GlobalSection(SolutionConfigurationPlatforms) = preSolution
		Debug|Any CPU = Debug|Any CPU
		Release|Any CPU = Release|Any CPU
	EndGlobalSection
	GlobalSection(ProjectConfigurationPlatforms) = postSolution
		{F230E8B8-EA25-4566-BFA7-2CD491763268}.Debug|Any CPU.ActiveCfg = Debug|Any CPU
		{F230E8B8-EA25-4566-BFA7-2CD491763268}.Debug|Any CPU.Build.0 = Debug|Any CPU
		{F230E8B8-EA25-4566-BFA7-2CD491763268}.Release|Any CPU.ActiveCfg = Release|Any CPU
		{F230E8B8-EA25-4566-BFA7-2CD491763268}.Release|Any CPU.Build.0 = Release|Any CPU
	EndGlobalSection
	GlobalSection(SolutionProperties) = preSolution
		HideSolutionNode = FALSE
	EndGlobalSection
	GlobalSection(ExtensibilityGlobals) = postSolution
		SolutionGuid = {42253CFD-AB6B-4E26-A553-89FCF7079179}
	EndGlobalSection
EndGlobal
